// !$*UTF8*$!
{
	archiveVersion = 1;
	classes = {
	};
	objectVersion = 46;
	objects = {

/* Begin PBXBuildFile section */
		C6EC5EE91B28276700C8EB96 /* main.m in Sources */ = {isa = PBXBuildFile; fileRef = C6EC5EE81B28276700C8EB96 /* main.m */; };
		C6EC5EEC1B28276700C8EB96 /* AppDelegate.m in Sources */ = {isa = PBXBuildFile; fileRef = C6EC5EEB1B28276700C8EB96 /* AppDelegate.m */; };
		C6EC5EEF1B28276700C8EB96 /* ViewController.m in Sources */ = {isa = PBXBuildFile; fileRef = C6EC5EEE1B28276700C8EB96 /* ViewController.m */; };
		C6EC5EF41B28276800C8EB96 /* Images.xcassets in Resources */ = {isa = PBXBuildFile; fileRef = C6EC5EF31B28276800C8EB96 /* Images.xcassets */; };
		C6EC5EF71B28276800C8EB96 /* LaunchScreen.xib in Resources */ = {isa = PBXBuildFile; fileRef = C6EC5EF51B28276800C8EB96 /* LaunchScreen.xib */; };
		C6EC5F031B28276800C8EB96 /* testDemoTests.m in Sources */ = {isa = PBXBuildFile; fileRef = C6EC5F021B28276800C8EB96 /* testDemoTests.m */; };
		C6EC5F0D1B2827BD00C8EB96 /* ViewController.xib in Resources */ = {isa = PBXBuildFile; fileRef = C6EC5F0C1B2827BD00C8EB96 /* ViewController.xib */; };
/* End PBXBuildFile section */

/* Begin PBXContainerItemProxy section */
		C6EC5EFD1B28276800C8EB96 /* PBXContainerItemProxy */ = {
			isa = PBXContainerItemProxy;
			containerPortal = C6EC5EDB1B28276700C8EB96 /* Project object */;
			proxyType = 1;
			remoteGlobalIDString = C6EC5EE21B28276700C8EB96;
			remoteInfo = testDemo;
		};
/* End PBXContainerItemProxy section */

/* Begin PBXFileReference section */
		C6EC5EE31B28276700C8EB96 /* testDemo.app */ = {isa = PBXFileReference; explicitFileType = wrapper.application; includeInIndex = 0; path = testDemo.app; sourceTree = BUILT_PRODUCTS_DIR; };
		C6EC5EE71B28276700C8EB96 /* Info.plist */ = {isa = PBXFileReference; lastKnownFileType = text.plist.xml; path = Info.plist; sourceTree = "<group>"; };
		C6EC5EE81B28276700C8EB96 /* main.m */ = {isa = PBXFileReference; lastKnownFileType = sourcecode.c.objc; path = main.m; sourceTree = "<group>"; };
		C6EC5EEA1B28276700C8EB96 /* AppDelegate.h */ = {isa = PBXFileReference; lastKnownFileType = sourcecode.c.h; path = AppDelegate.h; sourceTree = "<group>"; };
		C6EC5EEB1B28276700C8EB96 /* AppDelegate.m */ = {isa = PBXFileReference; lastKnownFileType = sourcecode.c.objc; path = AppDelegate.m; sourceTree = "<group>"; };
		C6EC5EED1B28276700C8EB96 /* ViewController.h */ = {isa = PBXFileReference; lastKnownFileType = sourcecode.c.h; path = ViewController.h; sourceTree = "<group>"; };
		C6EC5EEE1B28276700C8EB96 /* ViewController.m */ = {isa = PBXFileReference; lastKnownFileType = sourcecode.c.objc; path = ViewController.m; sourceTree = "<group>"; };
		C6EC5EF31B28276800C8EB96 /* Images.xcassets */ = {isa = PBXFileReference; lastKnownFileType = folder.assetcatalog; path = Images.xcassets; sourceTree = "<group>"; };
		C6EC5EF61B28276800C8EB96 /* Base */ = {isa = PBXFileReference; lastKnownFileType = file.xib; name = Base; path = Base.lproj/LaunchScreen.xib; sourceTree = "<group>"; };
		C6EC5EFC1B28276800C8EB96 /* testDemoTests.xctest */ = {isa = PBXFileReference; explicitFileType = wrapper.cfbundle; includeInIndex = 0; path = testDemoTests.xctest; sourceTree = BUILT_PRODUCTS_DIR; };
		C6EC5F011B28276800C8EB96 /* Info.plist */ = {isa = PBXFileReference; lastKnownFileType = text.plist.xml; path = Info.plist; sourceTree = "<group>"; };
		C6EC5F021B28276800C8EB96 /* testDemoTests.m */ = {isa = PBXFileReference; lastKnownFileType = sourcecode.c.objc; path = testDemoTests.m; sourceTree = "<group>"; };
		C6EC5F0C1B2827BD00C8EB96 /* ViewController.xib */ = {isa = PBXFileReference; fileEncoding = 4; lastKnownFileType = file.xib; path = ViewController.xib; sourceTree = "<group>"; };
/* End PBXFileReference section */

/* Begin PBXFrameworksBuildPhase section */
		C6EC5EE01B28276700C8EB96 /* Frameworks */ = {
			isa = PBXFrameworksBuildPhase;
			buildActionMask = 2147483647;
			files = (
			);
			runOnlyForDeploymentPostprocessing = 0;
		};
		C6EC5EF91B28276800C8EB96 /* Frameworks */ = {
			isa = PBXFrameworksBuildPhase;
			buildActionMask = 2147483647;
			files = (
			);
			runOnlyForDeploymentPostprocessing = 0;
		};
/* End PBXFrameworksBuildPhase section */

/* Begin PBXGroup section */
		C6EC5EDA1B28276700C8EB96 = {
			isa = PBXGroup;
			children = (
				C6EC5EE51B28276700C8EB96 /* testDemo */,
				C6EC5EFF1B28276800C8EB96 /* testDemoTests */,
				C6EC5EE41B28276700C8EB96 /* Products */,
			);
			sourceTree = "<group>";
		};
		C6EC5EE41B28276700C8EB96 /* Products */ = {
			isa = PBXGroup;
			children = (
				C6EC5EE31B28276700C8EB96 /* testDemo.app */,
				C6EC5EFC1B28276800C8EB96 /* testDemoTests.xctest */,
			);
			name = Products;
			sourceTree = "<group>";
		};
		C6EC5EE51B28276700C8EB96 /* testDemo */ = {
			isa = PBXGroup;
			children = (
				C6EC5EEA1B28276700C8EB96 /* AppDelegate.h */,
				C6EC5EEB1B28276700C8EB96 /* AppDelegate.m */,
				C6EC5EED1B28276700C8EB96 /* ViewController.h */,
				C6EC5EEE1B28276700C8EB96 /* ViewController.m */,
				C6EC5F0C1B2827BD00C8EB96 /* ViewController.xib */,
				C6EC5EF31B28276800C8EB96 /* Images.xcassets */,
				C6EC5EF51B28276800C8EB96 /* LaunchScreen.xib */,
				C6EC5EE61B28276700C8EB96 /* Supporting Files */,
			);
			path = testDemo;
			sourceTree = "<group>";
		};
		C6EC5EE61B28276700C8EB96 /* Supporting Files */ = {
			isa = PBXGroup;
			children = (
				C6EC5EE71B28276700C8EB96 /* Info.plist */,
				C6EC5EE81B28276700C8EB96 /* main.m */,
			);
			name = "Supporting Files";
			sourceTree = "<group>";
		};
		C6EC5EFF1B28276800C8EB96 /* testDemoTests */ = {
			isa = PBXGroup;
			children = (
				C6EC5F021B28276800C8EB96 /* testDemoTests.m */,
				C6EC5F001B28276800C8EB96 /* Supporting Files */,
			);
			path = testDemoTests;
			sourceTree = "<group>";
		};
		C6EC5F001B28276800C8EB96 /* Supporting Files */ = {
			isa = PBXGroup;
			children = (
				C6EC5F011B28276800C8EB96 /* Info.plist */,
			);
			name = "Supporting Files";
			sourceTree = "<group>";
		};
/* End PBXGroup section */

/* Begin PBXNativeTarget section */
		C6EC5EE21B28276700C8EB96 /* testDemo */ = {
			isa = PBXNativeTarget;
			buildConfigurationList = C6EC5F061B28276800C8EB96 /* Build configuration list for PBXNativeTarget "testDemo" */;
			buildPhases = (
				C6EC5EDF1B28276700C8EB96 /* Sources */,
				C6EC5EE01B28276700C8EB96 /* Frameworks */,
				C6EC5EE11B28276700C8EB96 /* Resources */,
			);
			buildRules = (
			);
			dependencies = (
			);
			name = testDemo;
			productName = testDemo;
			productReference = C6EC5EE31B28276700C8EB96 /* testDemo.app */;
			productType = "com.apple.product-type.application";
		};
		C6EC5EFB1B28276800C8EB96 /* testDemoTests */ = {
			isa = PBXNativeTarget;
			buildConfigurationList = C6EC5F091B28276800C8EB96 /* Build configuration list for PBXNativeTarget "testDemoTests" */;
			buildPhases = (
				C6EC5EF81B28276800C8EB96 /* Sources */,
				C6EC5EF91B28276800C8EB96 /* Frameworks */,
				C6EC5EFA1B28276800C8EB96 /* Resources */,
			);
			buildRules = (
			);
			dependencies = (
				C6EC5EFE1B28276800C8EB96 /* PBXTargetDependency */,
			);
			name = testDemoTests;
			productName = testDemoTests;
			productReference = C6EC5EFC1B28276800C8EB96 /* testDemoTests.xctest */;
			productType = "com.apple.product-type.bundle.unit-test";
		};
/* End PBXNativeTarget section */

/* Begin PBXProject section */
		C6EC5EDB1B28276700C8EB96 /* Project object */ = {
			isa = PBXProject;
			attributes = {
				LastUpgradeCheck = 0630;
				ORGANIZATIONNAME = sportsexp;
				TargetAttributes = {
					C6EC5EE21B28276700C8EB96 = {
						CreatedOnToolsVersion = 6.3.1;
					};
					C6EC5EFB1B28276800C8EB96 = {
						CreatedOnToolsVersion = 6.3.1;
						TestTargetID = C6EC5EE21B28276700C8EB96;
					};
				};
			};
			buildConfigurationList = C6EC5EDE1B28276700C8EB96 /* Build configuration list for PBXProject "testDemo" */;
			compatibilityVersion = "Xcode 3.2";
			developmentRegion = English;
			hasScannedForEncodings = 0;
			knownRegions = (
				en,
				Base,
			);
			mainGroup = C6EC5EDA1B28276700C8EB96;
			productRefGroup = C6EC5EE41B28276700C8EB96 /* Products */;
			projectDirPath = "";
			projectRoot = "";
			targets = (
				C6EC5EE21B28276700C8EB96 /* testDemo */,
				C6EC5EFB1B28276800C8EB96 /* testDemoTests */,
			);
		};
/* End PBXProject section */

/* Begin PBXResourcesBuildPhase section */
		C6EC5EE11B28276700C8EB96 /* Resources */ = {
			isa = PBXResourcesBuildPhase;
			buildActionMask = 2147483647;
			files = (
				C6EC5EF71B28276800C8EB96 /* LaunchScreen.xib in Resources */,
				C6EC5F0D1B2827BD00C8EB96 /* ViewController.xib in Resources */,
				C6EC5EF41B28276800C8EB96 /* Images.xcassets in Resources */,
			);
			runOnlyForDeploymentPostprocessing = 0;
		};
		C6EC5EFA1B28276800C8EB96 /* Resources */ = {
			isa = PBXResourcesBuildPhase;
			buildActionMask = 2147483647;
			files = (
			);
			runOnlyForDeploymentPostprocessing = 0;
		};
/* End PBXResourcesBuildPhase section */

/* Begin PBXSourcesBuildPhase section */
		C6EC5EDF1B28276700C8EB96 /* Sources */ = {
			isa = PBXSourcesBuildPhase;
			buildActionMask = 2147483647;
			files = (
				C6EC5EEF1B28276700C8EB96 /* ViewController.m in Sources */,
				C6EC5EEC1B28276700C8EB96 /* AppDelegate.m in Sources */,
				C6EC5EE91B28276700C8EB96 /* main.m in Sources */,
			);
			runOnlyForDeploymentPostprocessing = 0;
		};
		C6EC5EF81B28276800C8EB96 /* Sources */ = {
			isa = PBXSourcesBuildPhase;
			buildActionMask = 2147483647;
			files = (
				C6EC5F031B28276800C8EB96 /* testDemoTests.m in Sources */,
			);
			runOnlyForDeploymentPostprocessing = 0;
		};
/* End PBXSourcesBuildPhase section */

/* Begin PBXTargetDependency section */
		C6EC5EFE1B28276800C8EB96 /* PBXTargetDependency */ = {
			isa = PBXTargetDependency;
			target = C6EC5EE21B28276700C8EB96 /* testDemo */;
			targetProxy = C6EC5EFD1B28276800C8EB96 /* PBXContainerItemProxy */;
		};
/* End PBXTargetDependency section */

/* Begin PBXVariantGroup section */
		C6EC5EF51B28276800C8EB96 /* LaunchScreen.xib */ = {
			isa = PBXVariantGroup;
			children = (
				C6EC5EF61B28276800C8EB96 /* Base */,
			);
			name = LaunchScreen.xib;
			sourceTree = "<group>";
		};
/* End PBXVariantGroup section */

/* Begin XCBuildConfiguration section */
		C6EC5F041B28276800C8EB96 /* Debug */ = {
			isa = XCBuildConfiguration;
			buildSettings = {
				ALWAYS_SEARCH_USER_PATHS = NO;
				CLANG_CXX_LANGUAGE_STANDARD = "gnu++0x";
				CLANG_CXX_LIBRARY = "libc++";
				CLANG_ENABLE_MODULES = YES;
				CLANG_ENABLE_OBJC_ARC = YES;
				CLANG_WARN_BOOL_CONVERSION = YES;
				CLANG_WARN_CONSTANT_CONVERSION = YES;
				CLANG_WARN_DIRECT_OBJC_ISA_USAGE = YES_ERROR;
				CLANG_WARN_EMPTY_BODY = YES;
				CLANG_WARN_ENUM_CONVERSION = YES;
				CLANG_WARN_INT_CONVERSION = YES;
				CLANG_WARN_OBJC_ROOT_CLASS = YES_ERROR;
				CLANG_WARN_UNREACHABLE_CODE = YES;
				CLANG_WARN__DUPLICATE_METHOD_MATCH = YES;
				"CODE_SIGN_IDENTITY[sdk=iphoneos*]" = "iPhone Developer";
				COPY_PHASE_STRIP = NO;
				DEBUG_INFORMATION_FORMAT = "dwarf-with-dsym";
				ENABLE_STRICT_OBJC_MSGSEND = YES;
				GCC_C_LANGUAGE_STANDARD = gnu99;
				GCC_DYNAMIC_NO_PIC = NO;
				GCC_NO_COMMON_BLOCKS = YES;
				GCC_OPTIMIZATION_LEVEL = 0;
				GCC_PREPROCESSOR_DEFINITIONS = (
					"DEBUG=1",
					"$(inherited)",
				);
				GCC_SYMBOLS_PRIVATE_EXTERN = NO;
				GCC_WARN_64_TO_32_BIT_CONVERSION = YES;
				GCC_WARN_ABOUT_RETURN_TYPE = YES_ERROR;
				GCC_WARN_UNDECLARED_SELECTOR = YES;
				GCC_WARN_UNINITIALIZED_AUTOS = YES_AGGRESSIVE;
				GCC_WARN_UNUSED_FUNCTION = YES;
				GCC_WARN_UNUSED_VARIABLE = YES;
				IPHONEOS_DEPLOYMENT_TARGET = 8.3;
				MTL_ENABLE_DEBUG_INFO = YES;
				ONLY_ACTIVE_ARCH = YES;
				SDKROOT = iphoneos;
			};
			name = Debug;
		};
		C6EC5F051B28276800C8EB96 /* Release */ = {
			isa = XCBuildConfiguration;
			buildSettings = {
				ALWAYS_SEARCH_USER_PATHS = NO;
				CLANG_CXX_LANGUAGE_STANDARD = "gnu++0x";
				CLANG_CXX_LIBRARY = "libc++";
				CLANG_ENABLE_MODULES = YES;
				CLANG_ENABLE_OBJC_ARC = YES;
				CLANG_WARN_BOOL_CONVERSION = YES;
				CLANG_WARN_CONSTANT_CONVERSION = YES;
				CLANG_WARN_DIRECT_OBJC_ISA_USAGE = YES_ERROR;
				CLANG_WARN_EMPTY_BODY = YES;
				CLANG_WARN_ENUM_CONVERSION = YES;
				CLANG_WARN_INT_CONVERSION = YES;
				CLANG_WARN_OBJC_ROOT_CLASS = YES_ERROR;
				CLANG_WARN_UNREACHABLE_CODE = YES;
				CLANG_WARN__DUPLICATE_METHOD_MATCH = YES;
				"CODE_SIGN_IDENTITY[sdk=iphoneos*]" = "iPhone Developer";
				COPY_PHASE_STRIP = NO;
				DEBUG_INFORMATION_FORMAT = "dwarf-with-dsym";
				ENABLE_NS_ASSERTIONS = NO;
				ENABLE_STRICT_OBJC_MSGSEND = YES;
				GCC_C_LANGUAGE_STANDARD = gnu99;
				GCC_NO_COMMON_BLOCKS = YES;
				GCC_WARN_64_TO_32_BIT_CONVERSION = YES;
				GCC_WARN_ABOUT_RETURN_TYPE = YES_ERROR;
				GCC_WARN_UNDECLARED_SELECTOR = YES;
				GCC_WARN_UNINITIALIZED_AUTOS = YES_AGGRESSIVE;
				GCC_WARN_UNUSED_FUNCTION = YES;
				GCC_WARN_UNUSED_VARIABLE = YES;
				IPHONEOS_DEPLOYMENT_TARGET = 8.3;
				MTL_ENABLE_DEBUG_INFO = NO;
				SDKROOT = iphoneos;
				VALIDATE_PRODUCT = YES;
			};
			name = Release;
		};
		C6EC5F071B28276800C8EB96 /* Debug */ = {
			isa = XCBuildConfiguration;
			buildSettings = {
				ASSETCATALOG_COMPILER_APPICON_NAME = AppIcon;
				INFOPLIST_FILE = testDemo/Info.plist;
				LD_RUNPATH_SEARCH_PATHS = "$(inherited) @executable_path/Frameworks";
				PRODUCT_NAME = "$(TARGET_NAME)";
			};
			name = Debug;
		};
		C6EC5F081B28276800C8EB96 /* Release */ = {
			isa = XCBuildConfiguration;
			buildSettings = {
				ASSETCATALOG_COMPILER_APPICON_NAME = AppIcon;
				INFOPLIST_FILE = testDemo/Info.plist;
				LD_RUNPATH_SEARCH_PATHS = "$(inherited) @executable_path/Frameworks";
				PRODUCT_NAME = "$(TARGET_NAME)";
			};
			name = Release;
		};
		C6EC5F0A1B28276800C8EB96 /* Debug */ = {
			isa = XCBuildConfiguration;
			buildSettings = {
				BUNDLE_LOADER = "$(TEST_HOST)";
				FRAMEWORK_SEARCH_PATHS = (
					"$(SDKROOT)/Developer/Library/Frameworks",
					"$(inherited)",
				);
				GCC_PREPROCESSOR_DEFINITIONS = (
					"DEBUG=1",
					"$(inherited)",
				);
				INFOPLIST_FILE = testDemoTests/Info.plist;
				LD_RUNPATH_SEARCH_PATHS = "$(inherited) @executable_path/Frameworks @loader_path/Frameworks";
				PRODUCT_NAME = "$(TARGET_NAME)";
				TEST_HOST = "$(BUILT_PRODUCTS_DIR)/testDemo.app/testDemo";
			};
			name = Debug;
		};
		C6EC5F0B1B28276800C8EB96 /* Release */ = {
			isa = XCBuildConfiguration;
			buildSettings = {
				BUNDLE_LOADER = "$(TEST_HOST)";
				FRAMEWORK_SEARCH_PATHS = (
					"$(SDKROOT)/Developer/Library/Frameworks",
					"$(inherited)",
				);
				INFOPLIST_FILE = testDemoTests/Info.plist;
				LD_RUNPATH_SEARCH_PATHS = "$(inherited) @executable_path/Frameworks @loader_path/Frameworks";
				PRODUCT_NAME = "$(TARGET_NAME)";
				TEST_HOST = "$(BUILT_PRODUCTS_DIR)/testDemo.app/testDemo";
			};
			name = Release;
		};
/* End XCBuildConfiguration section */

/* Begin XCConfigurationList section */
		C6EC5EDE1B28276700C8EB96 /* Build configuration list for PBXProject "testDemo" */ = {
			isa = XCConfigurationList;
			buildConfigurations = (
				C6EC5F041B28276800C8EB96 /* Debug */,
				C6EC5F051B28276800C8EB96 /* Release */,
			);
			defaultConfigurationIsVisible = 0;
			defaultConfigurationName = Release;
		};
		C6EC5F061B28276800C8EB96 /* Build configuration list for PBXNativeTarget "testDemo" */ = {
			isa = XCConfigurationList;
			buildConfigurations = (
				C6EC5F071B28276800C8EB96 /* Debug */,
				C6EC5F081B28276800C8EB96 /* Release */,
			);
			defaultConfigurationIsVisible = 0;
			defaultConfigurationName = Release;
		};
		C6EC5F091B28276800C8EB96 /* Build configuration list for PBXNativeTarget "testDemoTests" */ = {
			isa = XCConfigurationList;
			buildConfigurations = (
				C6EC5F0A1B28276800C8EB96 /* Debug */,
				C6EC5F0B1B28276800C8EB96 /* Release */,
			);
			defaultConfigurationIsVisible = 0;
			defaultConfigurationName = Release;
		};
/* End XCConfigurationList section */
	};
	rootObject = C6EC5EDB1B28276700C8EB96 /* Project object */;
}
